
Microsoft Visual Studio Solution File, Format Version 12.00
# Visual Studio Version 16
VisualStudioVersion = 16.0.33423.256
MinimumVisualStudioVersion = 10.0.40219.1
Project("{FAE04EC0-301F-11D3-BF4B-00C04F79EFBC}") = "tictaccctoe", "tictaccctoe.csproj", "{710DCEA0-9797-4D76-A076-1FE3D4419E07}"
EndProject
Global
	GlobalSection(SolutionConfigurationPlatforms) = preSolution
		Debug|x86 = Debug|x86
		Release|x86 = Release|x86
	EndGlobalSection
	GlobalSection(ProjectConfigurationPlatforms) = postSolution
		{710DCEA0-9797-4D76-A076-1FE3D4419E07}.Debug|x86.ActiveCfg = Debug|x86
		{710DCEA0-9797-4D76-A076-1FE3D4419E07}.Debug|x86.Build.0 = Debug|x86
		{710DCEA0-9797-4D76-A076-1FE3D4419E07}.Release|x86.ActiveCfg = Release|x86
		{710DCEA0-9797-4D76-A076-1FE3D4419E07}.Release|x86.Build.0 = Release|x86
	EndGlobalSection
	GlobalSection(SolutionProperties) = preSolution
		HideSolutionNode = FALSE
	EndGlobalSection
	GlobalSection(ExtensibilityGlobals) = postSolution
		SolutionGuid = {CBBA4AF2-6AD9-401C-9373-63530899C475}
	EndGlobalSection
EndGlobal
